{
  "name": "tissot",
  "version": "1.0.0",
  "lockfileVersion": 1,
  "requires": true,
  "dependencies": {
    "@fil/tissots-indicatrix": {
      "version": "https://api.observablehq.com/@fil/tissots-indicatrix.tgz?v=3",
      "integrity": "sha512-NR6K49fFCDKSPdcSt9SF7P72PYHfq75EiHImaUo+QSKwlieUCAIbEzNFqWU3Ubf+5L47Cqmp1j3SS9ryYhEzgA=="
    },
    "@observablehq/inspector": {
      "version": "3.1.0",
      "resolved": "https://registry.npmjs.org/@observablehq/inspector/-/inspector-3.1.0.tgz",
      "integrity": "sha512-DOx40q05QZdQnYpUsKch+8raWGmKSBh5DIAinQRoK+ij7Eq/PKpHJvNrrhThF4+2b/qViUhZGOwMLPhlC2qMzg==",
      "requires": {
        "esm": "^3.0.84"
      }
    },
    "@observablehq/runtime": {
      "version": "4.3.3",
      "resolved": "https://registry.npmjs.org/@observablehq/runtime/-/runtime-4.3.3.tgz",
      "integrity": "sha512-g8z6bGNJLgnhiN3sgDcG5/+MkyDtncLuoCyXR9DqIPIb3cOQq/5fD3KGAZ2/Glu4uCsYykBdBuXL2RF6rJLRuA==",
      "requires": {
        "@observablehq/inspector": "^3.1.0",
        "@observablehq/stdlib": "^3.0.0",
        "esm": "^3.0.84"
      }
    },
    "@observablehq/stdlib": {
      "version": "3.0.4",
      "resolved": "https://registry.npmjs.org/@observablehq/stdlib/-/stdlib-3.0.4.tgz",
      "integrity": "sha512-5550y5NFIZMnXoq1s9hdE8rEN7cn55TrZoGABCxmL/N9sHwHlmw/CPDWTb60NzBcQpNfL1lYlCIAZryal8rfrg==",
      "requires": {
        "d3-require": "^1.2.0",
        "esm": "^3.0.84",
        "marked": "git+https://github.com/observablehq/marked.git#94c6b946f462fd25db4465d71a6859183f86c57f"
      }
    },
    "@types/estree": {
      "version": "0.0.39",
      "resolved": "https://registry.npmjs.org/@types/estree/-/estree-0.0.39.tgz",
      "integrity": "sha512-EYNwp3bU+98cpU4lAWYYL7Zz+2gryWH1qbdDTidVd6hkiR6weksdbMadyXKXNPEkQFhXM+hVO9ZygomHXp+AIw==",
      "dev": true
    },
    "@types/node": {
      "version": "12.7.2",
      "resolved": "https://registry.npmjs.org/@types/node/-/node-12.7.2.tgz",
      "integrity": "sha512-dyYO+f6ihZEtNPDcWNR1fkoTDf3zAK3lAABDze3mz6POyIercH0lEUawUFXlG8xaQZmm1yEBON/4TsYv/laDYg==",
      "dev": true
    },
    "@types/resolve": {
      "version": "0.0.8",
      "resolved": "https://registry.npmjs.org/@types/resolve/-/resolve-0.0.8.tgz",
      "integrity": "sha512-auApPaJf3NPfe18hSoJkp8EbZzer2ISk7o8mCC3M9he/a04+gbMF97NkpD2S8riMGvm4BMRI59/SZQSaLTKpsQ==",
      "dev": true,
      "requires": {
        "@types/node": "*"
      }
    },
    "acorn": {
      "version": "7.0.0",
      "resolved": "https://registry.npmjs.org/acorn/-/acorn-7.0.0.tgz",
      "integrity": "sha512-PaF/MduxijYYt7unVGRuds1vBC9bFxbNf+VWqhOClfdgy7RlVkQqt610ig1/yxTgsDIfW1cWDel5EBbOy3jdtQ==",
      "dev": true
    },
    "builtin-modules": {
      "version": "3.1.0",
      "resolved": "https://registry.npmjs.org/builtin-modules/-/builtin-modules-3.1.0.tgz",
      "integrity": "sha512-k0KL0aWZuBt2lrxrcASWDfwOLMnodeQjodT/1SxEQAXsHANgo6ZC/VEaSEHCXt7aSTZ4/4H5LKa+tBXmW7Vtvw==",
      "dev": true
    },
    "d3-require": {
      "version": "1.2.3",
      "resolved": "https://registry.npmjs.org/d3-require/-/d3-require-1.2.3.tgz",
      "integrity": "sha512-zfat3WTZRZmh7jCrTIhg4zZvivA0DZvez8lZq0JwYG9aW8LcSUFO4eiPnL5F2MolHcLE8CLfEt06sPP8N7y3AQ=="
    },
    "esm": {
      "version": "3.2.25",
      "resolved": "https://registry.npmjs.org/esm/-/esm-3.2.25.tgz",
      "integrity": "sha512-U1suiZ2oDVWv4zPO56S0NcR5QriEahGtdN2OR6FiOG4WJvcjBVFB0qI4+eKoWFH483PKGuLuu6V8Z4T5g63UVA=="
    },
    "estree-walker": {
      "version": "0.6.1",
      "resolved": "https://registry.npmjs.org/estree-walker/-/estree-walker-0.6.1.tgz",
      "integrity": "sha512-SqmZANLWS0mnatqbSfRP5g8OXZC12Fgg1IwNtLsyHDzJizORW4khDfjPqJZsemPWBB2uqykUah5YpQ6epsqC/w==",
      "dev": true
    },
    "is-module": {
      "version": "1.0.0",
      "resolved": "https://registry.npmjs.org/is-module/-/is-module-1.0.0.tgz",
      "integrity": "sha1-Mlj7afeMFNW4FdZkM2tM/7ZEFZE=",
      "dev": true
    },
    "marked": {
      "version": "git+https://github.com/observablehq/marked.git#94c6b946f462fd25db4465d71a6859183f86c57f",
      "from": "git+https://github.com/observablehq/marked.git#94c6b946f462fd25db4465d71a6859183f86c57f"
    },
    "path-parse": {
      "version": "1.0.6",
      "resolved": "https://registry.npmjs.org/path-parse/-/path-parse-1.0.6.tgz",
      "integrity": "sha512-GSmOT2EbHrINBf9SR7CDELwlJ8AENk3Qn7OikK4nFYAu3Ote2+JYNVvkpAEQm3/TLNEJFD/xZJjzyxg3KBWOzw==",
      "dev": true
    },
    "resolve": {
      "version": "1.12.0",
      "resolved": "https://registry.npmjs.org/resolve/-/resolve-1.12.0.tgz",
      "integrity": "sha512-B/dOmuoAik5bKcD6s6nXDCjzUKnaDvdkRyAk6rsmsKLipWj4797iothd7jmmUhWTfinVMU+wc56rYKsit2Qy4w==",
      "dev": true,
      "requires": {
        "path-parse": "^1.0.6"
      }
    },
    "rollup": {
      "version": "1.20.0",
      "resolved": "https://registry.npmjs.org/rollup/-/rollup-1.20.0.tgz",
      "integrity": "sha512-zW80j9RSJ0VV0VOxP1i7cF279+IlAaD49Ihwqb87PDR0555Fvk10HKmh2yUtXCdBb37bELuhHWZTJc4uoCo8Vw==",
      "dev": true,
      "requires": {
        "@types/estree": "0.0.39",
        "@types/node": "^12.7.2",
        "acorn": "^7.0.0"
      }
    },
    "rollup-plugin-node-resolve": {
      "version": "5.2.0",
      "resolved": "https://registry.npmjs.org/rollup-plugin-node-resolve/-/rollup-plugin-node-resolve-5.2.0.tgz",
      "integrity": "sha512-jUlyaDXts7TW2CqQ4GaO5VJ4PwwaV8VUGA7+km3n6k6xtOEacf61u0VXwN80phY/evMcaS+9eIeJ9MOyDxt5Zw==",
      "dev": true,
      "requires": {
        "@types/resolve": "0.0.8",
        "builtin-modules": "^3.1.0",
        "is-module": "^1.0.0",
        "resolve": "^1.11.1",
        "rollup-pluginutils": "^2.8.1"
      }
    },
    "rollup-pluginutils": {
      "version": "2.8.1",
      "resolved": "https://registry.npmjs.org/rollup-pluginutils/-/rollup-pluginutils-2.8.1.tgz",
      "integrity": "sha512-J5oAoysWar6GuZo0s+3bZ6sVZAC0pfqKz68De7ZgDi5z63jOVZn1uJL/+z1jeKHNbGII8kAyHF5q8LnxSX5lQg==",
      "dev": true,
      "requires": {
        "estree-walker": "^0.6.1"
      }
    }
  }
}
