# THIS IS AN AUTOGENERATED FILE. DO NOT EDIT THIS FILE DIRECTLY.
# yarn lockfile v1


"@fil/tissots-indicatrix@https://api.observablehq.com/@fil/tissots-indicatrix.tgz?v=3":
  version "90.0.0"
  resolved "https://api.observablehq.com/@fil/tissots-indicatrix.tgz?v=3#fe7fb59bc2d46b853a450ba444c67f26d4bf3574"

"@observablehq/inspector@^3.1.0":
  version "3.1.0"
  resolved "https://registry.yarnpkg.com/@observablehq/inspector/-/inspector-3.1.0.tgz#4726f9aabc58aa410a4ba27adf89b180fa9a302b"
  integrity sha512-DOx40q05QZdQnYpUsKch+8raWGmKSBh5DIAinQRoK+ij7Eq/PKpHJvNrrhThF4+2b/qViUhZGOwMLPhlC2qMzg==
  dependencies:
    esm "^3.0.84"

"@observablehq/runtime@^4.3.3":
  version "4.3.3"
  resolved "https://registry.yarnpkg.com/@observablehq/runtime/-/runtime-4.3.3.tgz#5970c79b26adb2f6806e0c3a322e3af009b86844"
  integrity sha512-g8z6bGNJLgnhiN3sgDcG5/+MkyDtncLuoCyXR9DqIPIb3cOQq/5fD3KGAZ2/Glu4uCsYykBdBuXL2RF6rJLRuA==
  dependencies:
    "@observablehq/inspector" "^3.1.0"
    "@observablehq/stdlib" "^3.0.0"
    esm "^3.0.84"

"@observablehq/stdlib@^3.0.0":
  version "3.0.4"
  resolved "https://registry.yarnpkg.com/@observablehq/stdlib/-/stdlib-3.0.4.tgz#12be3fa9ffc611608e85f39d04f920ed1d119acd"
  integrity sha512-5550y5NFIZMnXoq1s9hdE8rEN7cn55TrZoGABCxmL/N9sHwHlmw/CPDWTb60NzBcQpNfL1lYlCIAZryal8rfrg==
  dependencies:
    d3-require "^1.2.0"
    esm "^3.0.84"
    marked "https://github.com/observablehq/marked.git#94c6b946f462fd25db4465d71a6859183f86c57f"

"@types/estree@0.0.39":
  version "0.0.39"
  resolved "https://registry.yarnpkg.com/@types/estree/-/estree-0.0.39.tgz#e177e699ee1b8c22d23174caaa7422644389509f"
  integrity sha512-EYNwp3bU+98cpU4lAWYYL7Zz+2gryWH1qbdDTidVd6hkiR6weksdbMadyXKXNPEkQFhXM+hVO9ZygomHXp+AIw==

"@types/node@*", "@types/node@^12.7.2":
  version "12.7.2"
  resolved "https://registry.yarnpkg.com/@types/node/-/node-12.7.2.tgz#c4e63af5e8823ce9cc3f0b34f7b998c2171f0c44"
  integrity sha512-dyYO+f6ihZEtNPDcWNR1fkoTDf3zAK3lAABDze3mz6POyIercH0lEUawUFXlG8xaQZmm1yEBON/4TsYv/laDYg==

"@types/resolve@0.0.8":
  version "0.0.8"
  resolved "https://registry.yarnpkg.com/@types/resolve/-/resolve-0.0.8.tgz#f26074d238e02659e323ce1a13d041eee280e194"
  integrity sha512-auApPaJf3NPfe18hSoJkp8EbZzer2ISk7o8mCC3M9he/a04+gbMF97NkpD2S8riMGvm4BMRI59/SZQSaLTKpsQ==
  dependencies:
    "@types/node" "*"

acorn@^7.0.0:
  version "7.0.0"
  resolved "https://registry.yarnpkg.com/acorn/-/acorn-7.0.0.tgz#26b8d1cd9a9b700350b71c0905546f64d1284e7a"
  integrity sha512-PaF/MduxijYYt7unVGRuds1vBC9bFxbNf+VWqhOClfdgy7RlVkQqt610ig1/yxTgsDIfW1cWDel5EBbOy3jdtQ==

builtin-modules@^3.1.0:
  version "3.1.0"
  resolved "https://registry.yarnpkg.com/builtin-modules/-/builtin-modules-3.1.0.tgz#aad97c15131eb76b65b50ef208e7584cd76a7484"
  integrity sha512-k0KL0aWZuBt2lrxrcASWDfwOLMnodeQjodT/1SxEQAXsHANgo6ZC/VEaSEHCXt7aSTZ4/4H5LKa+tBXmW7Vtvw==

d3-require@^1.2.0:
  version "1.2.3"
  resolved "https://registry.yarnpkg.com/d3-require/-/d3-require-1.2.3.tgz#65a1c2137e69c5c442f1ca2a04f72a3965124c16"
  integrity sha512-zfat3WTZRZmh7jCrTIhg4zZvivA0DZvez8lZq0JwYG9aW8LcSUFO4eiPnL5F2MolHcLE8CLfEt06sPP8N7y3AQ==

esm@^3.0.84:
  version "3.2.25"
  resolved "https://registry.yarnpkg.com/esm/-/esm-3.2.25.tgz#342c18c29d56157688ba5ce31f8431fbb795cc10"
  integrity sha512-U1suiZ2oDVWv4zPO56S0NcR5QriEahGtdN2OR6FiOG4WJvcjBVFB0qI4+eKoWFH483PKGuLuu6V8Z4T5g63UVA==

estree-walker@^0.6.1:
  version "0.6.1"
  resolved "https://registry.yarnpkg.com/estree-walker/-/estree-walker-0.6.1.tgz#53049143f40c6eb918b23671d1fe3219f3a1b362"
  integrity sha512-SqmZANLWS0mnatqbSfRP5g8OXZC12Fgg1IwNtLsyHDzJizORW4khDfjPqJZsemPWBB2uqykUah5YpQ6epsqC/w==

is-module@^1.0.0:
  version "1.0.0"
  resolved "https://registry.yarnpkg.com/is-module/-/is-module-1.0.0.tgz#3258fb69f78c14d5b815d664336b4cffb6441591"
  integrity sha1-Mlj7afeMFNW4FdZkM2tM/7ZEFZE=

"marked@git+https://github.com/observablehq/marked.git#94c6b946f462fd25db4465d71a6859183f86c57f":
  version "0.3.12"
  resolved "git+https://github.com/observablehq/marked.git#94c6b946f462fd25db4465d71a6859183f86c57f"

now@^16.1.2:
  version "16.1.2"
  resolved "https://registry.yarnpkg.com/now/-/now-16.1.2.tgz#9c05dc83852a4ff80534fe3830b53fdf807ff974"
  integrity sha512-Wqbox4tfh1kglgKOOHRE49bsZoy1TMHsVSnrnEbC98LU+aXmuh853kKheyDXckqIaTGDAgs7HYV12ONgppLwUw==

path-parse@^1.0.6:
  version "1.0.6"
  resolved "https://registry.yarnpkg.com/path-parse/-/path-parse-1.0.6.tgz#d62dbb5679405d72c4737ec58600e9ddcf06d24c"
  integrity sha512-GSmOT2EbHrINBf9SR7CDELwlJ8AENk3Qn7OikK4nFYAu3Ote2+JYNVvkpAEQm3/TLNEJFD/xZJjzyxg3KBWOzw==

resolve@^1.11.1:
  version "1.12.0"
  resolved "https://registry.yarnpkg.com/resolve/-/resolve-1.12.0.tgz#3fc644a35c84a48554609ff26ec52b66fa577df6"
  integrity sha512-B/dOmuoAik5bKcD6s6nXDCjzUKnaDvdkRyAk6rsmsKLipWj4797iothd7jmmUhWTfinVMU+wc56rYKsit2Qy4w==
  dependencies:
    path-parse "^1.0.6"

rollup-plugin-node-resolve@^5.2.0:
  version "5.2.0"
  resolved "https://registry.yarnpkg.com/rollup-plugin-node-resolve/-/rollup-plugin-node-resolve-5.2.0.tgz#730f93d10ed202473b1fb54a5997a7db8c6d8523"
  integrity sha512-jUlyaDXts7TW2CqQ4GaO5VJ4PwwaV8VUGA7+km3n6k6xtOEacf61u0VXwN80phY/evMcaS+9eIeJ9MOyDxt5Zw==
  dependencies:
    "@types/resolve" "0.0.8"
    builtin-modules "^3.1.0"
    is-module "^1.0.0"
    resolve "^1.11.1"
    rollup-pluginutils "^2.8.1"

rollup-pluginutils@^2.8.1:
  version "2.8.1"
  resolved "https://registry.yarnpkg.com/rollup-pluginutils/-/rollup-pluginutils-2.8.1.tgz#8fa6dd0697344938ef26c2c09d2488ce9e33ce97"
  integrity sha512-J5oAoysWar6GuZo0s+3bZ6sVZAC0pfqKz68De7ZgDi5z63jOVZn1uJL/+z1jeKHNbGII8kAyHF5q8LnxSX5lQg==
  dependencies:
    estree-walker "^0.6.1"

rollup@^1.20.0:
  version "1.20.0"
  resolved "https://registry.yarnpkg.com/rollup/-/rollup-1.20.0.tgz#3799e4cd2f48c0a068d87af575956d8d72c9447a"
  integrity sha512-zW80j9RSJ0VV0VOxP1i7cF279+IlAaD49Ihwqb87PDR0555Fvk10HKmh2yUtXCdBb37bELuhHWZTJc4uoCo8Vw==
  dependencies:
    "@types/estree" "0.0.39"
    "@types/node" "^12.7.2"
    acorn "^7.0.0"
